PODS:
  - Flutter (1.0.0)
  - Stripe (16.0.6)
  - stripe_payment (0.0.1):
    - Flutter
    - Stripe (= 16.0.6)

DEPENDENCIES:
  - Flutter (from `/Users/vladyslavlaba/Flutter/flutter/bin/cache/artifacts/engine/ios`)
  - stripe_payment (from `/Users/vladyslavlaba/Downloads/flutter_stripe_payment/ios`)

SPEC REPOS:
  https://github.com/cocoapods/specs.git:
    - Stripe

EXTERNAL SOURCES:
  Flutter:
    :path: "/Users/vladyslavlaba/Flutter/flutter/bin/cache/artifacts/engine/ios"
  stripe_payment:
    :path: "/Users/vladyslavlaba/Downloads/flutter_stripe_payment/ios"

SPEC CHECKSUMS:
  Flutter: 58dd7d1b27887414a370fcccb9e645c08ffd7a6a
  Stripe: bbfdfb44bcc604bd3d29771f80d5d72710301fe3
  stripe_payment: aa20b8095789a6149e18dfdf7915ea8c02955ae0

PODFILE CHECKSUM: b3f98f39b16cc0a18e5ea9ecbe5cfbc88c2ad26a

COCOAPODS: 1.7.5
